// !$*UTF8*$!
{
	archiveVersion = 1;
	classes = {
	};
	objectVersion = 46;
	objects = {

/* Begin PBXBuildFile section */
		052248CB1B170E32007F25EA /* main.m in Sources */ = {isa = PBXBuildFile; fileRef = 052248CA1B170E32007F25EA /* main.m */; };
		052248CE1B170E32007F25EA /* AppDelegate.m in Sources */ = {isa = PBXBuildFile; fileRef = 052248CD1B170E32007F25EA /* AppDelegate.m */; };
		052248D11B170E32007F25EA /* ViewController.m in Sources */ = {isa = PBXBuildFile; fileRef = 052248D01B170E32007F25EA /* ViewController.m */; };
		052248D41B170E32007F25EA /* Main.storyboard in Resources */ = {isa = PBXBuildFile; fileRef = 052248D21B170E32007F25EA /* Main.storyboard */; };
		052248D61B170E33007F25EA /* Images.xcassets in Resources */ = {isa = PBXBuildFile; fileRef = 052248D51B170E33007F25EA /* Images.xcassets */; };
		052248E21B170E33007F25EA /* ManagerDownloadTests.m in Sources */ = {isa = PBXBuildFile; fileRef = 052248E11B170E33007F25EA /* ManagerDownloadTests.m */; };
		052249021B1713B5007F25EA /* FileDownloadInfo.m in Sources */ = {isa = PBXBuildFile; fileRef = 052249011B1713B5007F25EA /* FileDownloadInfo.m */; };
/* End PBXBuildFile section */

/* Begin PBXContainerItemProxy section */
		052248DC1B170E33007F25EA /* PBXContainerItemProxy */ = {
			isa = PBXContainerItemProxy;
			containerPortal = 052248BD1B170E32007F25EA /* Project object */;
			proxyType = 1;
			remoteGlobalIDString = 052248C41B170E32007F25EA;
			remoteInfo = ManagerDownload;
		};
/* End PBXContainerItemProxy section */

/* Begin PBXFileReference section */
		052248C51B170E32007F25EA /* ManagerDownload.app */ = {isa = PBXFileReference; explicitFileType = wrapper.application; includeInIndex = 0; path = ManagerDownload.app; sourceTree = BUILT_PRODUCTS_DIR; };
		052248C91B170E32007F25EA /* Info.plist */ = {isa = PBXFileReference; lastKnownFileType = text.plist.xml; path = Info.plist; sourceTree = "<group>"; };
		052248CA1B170E32007F25EA /* main.m */ = {isa = PBXFileReference; lastKnownFileType = sourcecode.c.objc; path = main.m; sourceTree = "<group>"; };
		052248CC1B170E32007F25EA /* AppDelegate.h */ = {isa = PBXFileReference; lastKnownFileType = sourcecode.c.h; path = AppDelegate.h; sourceTree = "<group>"; };
		052248CD1B170E32007F25EA /* AppDelegate.m */ = {isa = PBXFileReference; lastKnownFileType = sourcecode.c.objc; path = AppDelegate.m; sourceTree = "<group>"; };
		052248CF1B170E32007F25EA /* ViewController.h */ = {isa = PBXFileReference; lastKnownFileType = sourcecode.c.h; path = ViewController.h; sourceTree = "<group>"; };
		052248D01B170E32007F25EA /* ViewController.m */ = {isa = PBXFileReference; lastKnownFileType = sourcecode.c.objc; path = ViewController.m; sourceTree = "<group>"; };
		052248D31B170E32007F25EA /* Base */ = {isa = PBXFileReference; lastKnownFileType = file.storyboard; name = Base; path = Base.lproj/Main.storyboard; sourceTree = "<group>"; };
		052248D51B170E33007F25EA /* Images.xcassets */ = {isa = PBXFileReference; lastKnownFileType = folder.assetcatalog; path = Images.xcassets; sourceTree = "<group>"; };
		052248DB1B170E33007F25EA /* ManagerDownloadTests.xctest */ = {isa = PBXFileReference; explicitFileType = wrapper.cfbundle; includeInIndex = 0; path = ManagerDownloadTests.xctest; sourceTree = BUILT_PRODUCTS_DIR; };
		052248E01B170E33007F25EA /* Info.plist */ = {isa = PBXFileReference; lastKnownFileType = text.plist.xml; path = Info.plist; sourceTree = "<group>"; };
		052248E11B170E33007F25EA /* ManagerDownloadTests.m */ = {isa = PBXFileReference; lastKnownFileType = sourcecode.c.objc; path = ManagerDownloadTests.m; sourceTree = "<group>"; };
		052249001B1713B5007F25EA /* FileDownloadInfo.h */ = {isa = PBXFileReference; fileEncoding = 4; lastKnownFileType = sourcecode.c.h; path = FileDownloadInfo.h; sourceTree = "<group>"; };
		052249011B1713B5007F25EA /* FileDownloadInfo.m */ = {isa = PBXFileReference; fileEncoding = 4; lastKnownFileType = sourcecode.c.objc; path = FileDownloadInfo.m; sourceTree = "<group>"; };
/* End PBXFileReference section */

/* Begin PBXFrameworksBuildPhase section */
		052248C21B170E32007F25EA /* Frameworks */ = {
			isa = PBXFrameworksBuildPhase;
			buildActionMask = 2147483647;
			files = (
			);
			runOnlyForDeploymentPostprocessing = 0;
		};
		052248D81B170E33007F25EA /* Frameworks */ = {
			isa = PBXFrameworksBuildPhase;
			buildActionMask = 2147483647;
			files = (
			);
			runOnlyForDeploymentPostprocessing = 0;
		};
/* End PBXFrameworksBuildPhase section */

/* Begin PBXGroup section */
		052248BC1B170E32007F25EA = {
			isa = PBXGroup;
			children = (
				052248C71B170E32007F25EA /* ManagerDownload */,
				052248DE1B170E33007F25EA /* ManagerDownloadTests */,
				052248C61B170E32007F25EA /* Products */,
			);
			sourceTree = "<group>";
		};
		052248C61B170E32007F25EA /* Products */ = {
			isa = PBXGroup;
			children = (
				052248C51B170E32007F25EA /* ManagerDownload.app */,
				052248DB1B170E33007F25EA /* ManagerDownloadTests.xctest */,
			);
			name = Products;
			sourceTree = "<group>";
		};
		052248C71B170E32007F25EA /* ManagerDownload */ = {
			isa = PBXGroup;
			children = (
				052248CC1B170E32007F25EA /* AppDelegate.h */,
				052248CD1B170E32007F25EA /* AppDelegate.m */,
				052248CF1B170E32007F25EA /* ViewController.h */,
				052248D01B170E32007F25EA /* ViewController.m */,
				052248D21B170E32007F25EA /* Main.storyboard */,
				052248D51B170E33007F25EA /* Images.xcassets */,
				052248C81B170E32007F25EA /* Supporting Files */,
				052249001B1713B5007F25EA /* FileDownloadInfo.h */,
				052249011B1713B5007F25EA /* FileDownloadInfo.m */,
			);
			path = ManagerDownload;
			sourceTree = "<group>";
		};
		052248C81B170E32007F25EA /* Supporting Files */ = {
			isa = PBXGroup;
			children = (
				052248C91B170E32007F25EA /* Info.plist */,
				052248CA1B170E32007F25EA /* main.m */,
			);
			name = "Supporting Files";
			sourceTree = "<group>";
		};
		052248DE1B170E33007F25EA /* ManagerDownloadTests */ = {
			isa = PBXGroup;
			children = (
				052248E11B170E33007F25EA /* ManagerDownloadTests.m */,
				052248DF1B170E33007F25EA /* Supporting Files */,
			);
			path = ManagerDownloadTests;
			sourceTree = "<group>";
		};
		052248DF1B170E33007F25EA /* Supporting Files */ = {
			isa = PBXGroup;
			children = (
				052248E01B170E33007F25EA /* Info.plist */,
			);
			name = "Supporting Files";
			sourceTree = "<group>";
		};
/* End PBXGroup section */

/* Begin PBXNativeTarget section */
		052248C41B170E32007F25EA /* ManagerDownload */ = {
			isa = PBXNativeTarget;
			buildConfigurationList = 052248E51B170E33007F25EA /* Build configuration list for PBXNativeTarget "ManagerDownload" */;
			buildPhases = (
				052248C11B170E32007F25EA /* Sources */,
				052248C21B170E32007F25EA /* Frameworks */,
				052248C31B170E32007F25EA /* Resources */,
			);
			buildRules = (
			);
			dependencies = (
			);
			name = ManagerDownload;
			productName = ManagerDownload;
			productReference = 052248C51B170E32007F25EA /* ManagerDownload.app */;
			productType = "com.apple.product-type.application";
		};
		052248DA1B170E33007F25EA /* ManagerDownloadTests */ = {
			isa = PBXNativeTarget;
			buildConfigurationList = 052248E81B170E33007F25EA /* Build configuration list for PBXNativeTarget "ManagerDownloadTests" */;
			buildPhases = (
				052248D71B170E33007F25EA /* Sources */,
				052248D81B170E33007F25EA /* Frameworks */,
				052248D91B170E33007F25EA /* Resources */,
			);
			buildRules = (
			);
			dependencies = (
				052248DD1B170E33007F25EA /* PBXTargetDependency */,
			);
			name = ManagerDownloadTests;
			productName = ManagerDownloadTests;
			productReference = 052248DB1B170E33007F25EA /* ManagerDownloadTests.xctest */;
			productType = "com.apple.product-type.bundle.unit-test";
		};
/* End PBXNativeTarget section */

/* Begin PBXProject section */
		052248BD1B170E32007F25EA /* Project object */ = {
			isa = PBXProject;
			attributes = {
				LastUpgradeCheck = 0600;
				ORGANIZATIONNAME = QC_Test;
				TargetAttributes = {
					052248C41B170E32007F25EA = {
						CreatedOnToolsVersion = 6.0;
						SystemCapabilities = {
							com.apple.BackgroundModes = {
								enabled = 1;
							};
						};
					};
					052248DA1B170E33007F25EA = {
						CreatedOnToolsVersion = 6.0;
						TestTargetID = 052248C41B170E32007F25EA;
					};
				};
			};
			buildConfigurationList = 052248C01B170E32007F25EA /* Build configuration list for PBXProject "ManagerDownload" */;
			compatibilityVersion = "Xcode 3.2";
			developmentRegion = English;
			hasScannedForEncodings = 0;
			knownRegions = (
				en,
				Base,
			);
			mainGroup = 052248BC1B170E32007F25EA;
			productRefGroup = 052248C61B170E32007F25EA /* Products */;
			projectDirPath = "";
			projectRoot = "";
			targets = (
				052248C41B170E32007F25EA /* ManagerDownload */,
				052248DA1B170E33007F25EA /* ManagerDownloadTests */,
			);
		};
/* End PBXProject section */

/* Begin PBXResourcesBuildPhase section */
		052248C31B170E32007F25EA /* Resources */ = {
			isa = PBXResourcesBuildPhase;
			buildActionMask = 2147483647;
			files = (
				052248D41B170E32007F25EA /* Main.storyboard in Resources */,
				052248D61B170E33007F25EA /* Images.xcassets in Resources */,
			);
			runOnlyForDeploymentPostprocessing = 0;
		};
		052248D91B170E33007F25EA /* Resources */ = {
			isa = PBXResourcesBuildPhase;
			buildActionMask = 2147483647;
			files = (
			);
			runOnlyForDeploymentPostprocessing = 0;
		};
/* End PBXResourcesBuildPhase section */

/* Begin PBXSourcesBuildPhase section */
		052248C11B170E32007F25EA /* Sources */ = {
			isa = PBXSourcesBuildPhase;
			buildActionMask = 2147483647;
			files = (
				052248D11B170E32007F25EA /* ViewController.m in Sources */,
				052249021B1713B5007F25EA /* FileDownloadInfo.m in Sources */,
				052248CE1B170E32007F25EA /* AppDelegate.m in Sources */,
				052248CB1B170E32007F25EA /* main.m in Sources */,
			);
			runOnlyForDeploymentPostprocessing = 0;
		};
		052248D71B170E33007F25EA /* Sources */ = {
			isa = PBXSourcesBuildPhase;
			buildActionMask = 2147483647;
			files = (
				052248E21B170E33007F25EA /* ManagerDownloadTests.m in Sources */,
			);
			runOnlyForDeploymentPostprocessing = 0;
		};
/* End PBXSourcesBuildPhase section */

/* Begin PBXTargetDependency section */
		052248DD1B170E33007F25EA /* PBXTargetDependency */ = {
			isa = PBXTargetDependency;
			target = 052248C41B170E32007F25EA /* ManagerDownload */;
			targetProxy = 052248DC1B170E33007F25EA /* PBXContainerItemProxy */;
		};
/* End PBXTargetDependency section */

/* Begin PBXVariantGroup section */
		052248D21B170E32007F25EA /* Main.storyboard */ = {
			isa = PBXVariantGroup;
			children = (
				052248D31B170E32007F25EA /* Base */,
			);
			name = Main.storyboard;
			sourceTree = "<group>";
		};
/* End PBXVariantGroup section */

/* Begin XCBuildConfiguration section */
		052248E31B170E33007F25EA /* Debug */ = {
			isa = XCBuildConfiguration;
			buildSettings = {
				ALWAYS_SEARCH_USER_PATHS = NO;
				CLANG_CXX_LANGUAGE_STANDARD = "gnu++0x";
				CLANG_CXX_LIBRARY = "libc++";
				CLANG_ENABLE_MODULES = YES;
				CLANG_ENABLE_OBJC_ARC = YES;
				CLANG_WARN_BOOL_CONVERSION = YES;
				CLANG_WARN_CONSTANT_CONVERSION = YES;
				CLANG_WARN_DIRECT_OBJC_ISA_USAGE = YES_ERROR;
				CLANG_WARN_EMPTY_BODY = YES;
				CLANG_WARN_ENUM_CONVERSION = YES;
				CLANG_WARN_INT_CONVERSION = YES;
				CLANG_WARN_OBJC_ROOT_CLASS = YES_ERROR;
				CLANG_WARN_UNREACHABLE_CODE = YES;
				CLANG_WARN__DUPLICATE_METHOD_MATCH = YES;
				"CODE_SIGN_IDENTITY[sdk=iphoneos*]" = "iPhone Developer";
				COPY_PHASE_STRIP = NO;
				ENABLE_STRICT_OBJC_MSGSEND = YES;
				GCC_C_LANGUAGE_STANDARD = gnu99;
				GCC_DYNAMIC_NO_PIC = NO;
				GCC_OPTIMIZATION_LEVEL = 0;
				GCC_PREPROCESSOR_DEFINITIONS = (
					"DEBUG=1",
					"$(inherited)",
				);
				GCC_SYMBOLS_PRIVATE_EXTERN = NO;
				GCC_WARN_64_TO_32_BIT_CONVERSION = YES;
				GCC_WARN_ABOUT_RETURN_TYPE = YES_ERROR;
				GCC_WARN_UNDECLARED_SELECTOR = YES;
				GCC_WARN_UNINITIALIZED_AUTOS = YES_AGGRESSIVE;
				GCC_WARN_UNUSED_FUNCTION = YES;
				GCC_WARN_UNUSED_VARIABLE = YES;
				IPHONEOS_DEPLOYMENT_TARGET = 8.0;
				MTL_ENABLE_DEBUG_INFO = YES;
				ONLY_ACTIVE_ARCH = YES;
				SDKROOT = iphoneos;
			};
			name = Debug;
		};
		052248E41B170E33007F25EA /* Release */ = {
			isa = XCBuildConfiguration;
			buildSettings = {
				ALWAYS_SEARCH_USER_PATHS = NO;
				CLANG_CXX_LANGUAGE_STANDARD = "gnu++0x";
				CLANG_CXX_LIBRARY = "libc++";
				CLANG_ENABLE_MODULES = YES;
				CLANG_ENABLE_OBJC_ARC = YES;
				CLANG_WARN_BOOL_CONVERSION = YES;
				CLANG_WARN_CONSTANT_CONVERSION = YES;
				CLANG_WARN_DIRECT_OBJC_ISA_USAGE = YES_ERROR;
				CLANG_WARN_EMPTY_BODY = YES;
				CLANG_WARN_ENUM_CONVERSION = YES;
				CLANG_WARN_INT_CONVERSION = YES;
				CLANG_WARN_OBJC_ROOT_CLASS = YES_ERROR;
				CLANG_WARN_UNREACHABLE_CODE = YES;
				CLANG_WARN__DUPLICATE_METHOD_MATCH = YES;
				"CODE_SIGN_IDENTITY[sdk=iphoneos*]" = "iPhone Developer";
				COPY_PHASE_STRIP = YES;
				ENABLE_NS_ASSERTIONS = NO;
				ENABLE_STRICT_OBJC_MSGSEND = YES;
				GCC_C_LANGUAGE_STANDARD = gnu99;
				GCC_WARN_64_TO_32_BIT_CONVERSION = YES;
				GCC_WARN_ABOUT_RETURN_TYPE = YES_ERROR;
				GCC_WARN_UNDECLARED_SELECTOR = YES;
				GCC_WARN_UNINITIALIZED_AUTOS = YES_AGGRESSIVE;
				GCC_WARN_UNUSED_FUNCTION = YES;
				GCC_WARN_UNUSED_VARIABLE = YES;
				IPHONEOS_DEPLOYMENT_TARGET = 8.0;
				MTL_ENABLE_DEBUG_INFO = NO;
				SDKROOT = iphoneos;
				VALIDATE_PRODUCT = YES;
			};
			name = Release;
		};
		052248E61B170E33007F25EA /* Debug */ = {
			isa = XCBuildConfiguration;
			buildSettings = {
				ASSETCATALOG_COMPILER_APPICON_NAME = AppIcon;
				ASSETCATALOG_COMPILER_LAUNCHIMAGE_NAME = LaunchImage;
				INFOPLIST_FILE = ManagerDownload/Info.plist;
				LD_RUNPATH_SEARCH_PATHS = "$(inherited) @executable_path/Frameworks";
				PRODUCT_NAME = "$(TARGET_NAME)";
			};
			name = Debug;
		};
		052248E71B170E33007F25EA /* Release */ = {
			isa = XCBuildConfiguration;
			buildSettings = {
				ASSETCATALOG_COMPILER_APPICON_NAME = AppIcon;
				ASSETCATALOG_COMPILER_LAUNCHIMAGE_NAME = LaunchImage;
				INFOPLIST_FILE = ManagerDownload/Info.plist;
				LD_RUNPATH_SEARCH_PATHS = "$(inherited) @executable_path/Frameworks";
				PRODUCT_NAME = "$(TARGET_NAME)";
			};
			name = Release;
		};
		052248E91B170E33007F25EA /* Debug */ = {
			isa = XCBuildConfiguration;
			buildSettings = {
				BUNDLE_LOADER = "$(TEST_HOST)";
				FRAMEWORK_SEARCH_PATHS = (
					"$(SDKROOT)/Developer/Library/Frameworks",
					"$(inherited)",
				);
				GCC_PREPROCESSOR_DEFINITIONS = (
					"DEBUG=1",
					"$(inherited)",
				);
				INFOPLIST_FILE = ManagerDownloadTests/Info.plist;
				LD_RUNPATH_SEARCH_PATHS = "$(inherited) @executable_path/Frameworks @loader_path/Frameworks";
				PRODUCT_NAME = "$(TARGET_NAME)";
				TEST_HOST = "$(BUILT_PRODUCTS_DIR)/ManagerDownload.app/ManagerDownload";
			};
			name = Debug;
		};
		052248EA1B170E33007F25EA /* Release */ = {
			isa = XCBuildConfiguration;
			buildSettings = {
				BUNDLE_LOADER = "$(TEST_HOST)";
				FRAMEWORK_SEARCH_PATHS = (
					"$(SDKROOT)/Developer/Library/Frameworks",
					"$(inherited)",
				);
				INFOPLIST_FILE = ManagerDownloadTests/Info.plist;
				LD_RUNPATH_SEARCH_PATHS = "$(inherited) @executable_path/Frameworks @loader_path/Frameworks";
				PRODUCT_NAME = "$(TARGET_NAME)";
				TEST_HOST = "$(BUILT_PRODUCTS_DIR)/ManagerDownload.app/ManagerDownload";
			};
			name = Release;
		};
/* End XCBuildConfiguration section */

/* Begin XCConfigurationList section */
		052248C01B170E32007F25EA /* Build configuration list for PBXProject "ManagerDownload" */ = {
			isa = XCConfigurationList;
			buildConfigurations = (
				052248E31B170E33007F25EA /* Debug */,
				052248E41B170E33007F25EA /* Release */,
			);
			defaultConfigurationIsVisible = 0;
			defaultConfigurationName = Release;
		};
		052248E51B170E33007F25EA /* Build configuration list for PBXNativeTarget "ManagerDownload" */ = {
			isa = XCConfigurationList;
			buildConfigurations = (
				052248E61B170E33007F25EA /* Debug */,
				052248E71B170E33007F25EA /* Release */,
			);
			defaultConfigurationIsVisible = 0;
		};
		052248E81B170E33007F25EA /* Build configuration list for PBXNativeTarget "ManagerDownloadTests" */ = {
			isa = XCConfigurationList;
			buildConfigurations = (
				052248E91B170E33007F25EA /* Debug */,
				052248EA1B170E33007F25EA /* Release */,
			);
			defaultConfigurationIsVisible = 0;
		};
/* End XCConfigurationList section */
	};
	rootObject = 052248BD1B170E32007F25EA /* Project object */;
}
